{
  "version": 4,
  "terraform_version": "1.3.9",
  "serial": 5,
  "lineage": "00e7aafc-fc37-b0c8-c1a1-4f2e4956b411",
  "outputs": {},
  "resources": [
    {
      "mode": "managed",
      "type": "google_project_iam_member",
      "name": "firestore_owner_binding",
      "provider": "provider[\"registry.terraform.io/hashicorp/google\"]",
      "instances": [
        {
          "schema_version": 0,
          "attributes": {
            "condition": [],
            "etag": "BwX5eyZxznQ=",
            "id": "quiet-maxim-379023/roles/bigquery.dataOwner/serviceAccount:rotten-tomatoes-account@quiet-maxim-379023.iam.gserviceaccount.com",
            "member": "serviceAccount:rotten-tomatoes-account@quiet-maxim-379023.iam.gserviceaccount.com",
            "project": "quiet-maxim-379023",
            "role": "roles/bigquery.dataOwner"
          },
          "sensitive_attributes": [],
          "private": "bnVsbA==",
          "dependencies": [
            "google_service_account.bqowner"
          ]
        }
      ]
    },
    {
      "mode": "managed",
      "type": "google_service_account",
      "name": "bqowner",
      "provider": "provider[\"registry.terraform.io/hashicorp/google\"]",
      "instances": [
        {
          "schema_version": 0,
          "attributes": {
            "account_id": "rotten-tomatoes-account",
            "description": "",
            "disabled": false,
            "display_name": "",
            "email": "rotten-tomatoes-account@quiet-maxim-379023.iam.gserviceaccount.com",
            "id": "projects/quiet-maxim-379023/serviceAccounts/rotten-tomatoes-account@quiet-maxim-379023.iam.gserviceaccount.com",
            "member": "serviceAccount:rotten-tomatoes-account@quiet-maxim-379023.iam.gserviceaccount.com",
            "name": "projects/quiet-maxim-379023/serviceAccounts/rotten-tomatoes-account@quiet-maxim-379023.iam.gserviceaccount.com",
            "project": "quiet-maxim-379023",
            "timeouts": null,
            "unique_id": "100668105218862893467"
          },
          "sensitive_attributes": [],
          "private": "eyJlMmJmYjczMC1lY2FhLTExZTYtOGY4OC0zNDM2M2JjN2M0YzAiOnsiY3JlYXRlIjozMDAwMDAwMDAwMDB9fQ=="
        }
      ]
    }
  ],
  "check_results": null
}
